
Microsoft Visual Studio Solution File, Format Version 12.00
# Visual Studio 14
VisualStudioVersion = 14.0.25420.1
MinimumVisualStudioVersion = 10.0.40219.1
Project("{2150E333-8FDC-42A3-9474-1A3956D46DE8}") = "src", "src", "{443B488F-7036-4748-B37A-9509A9A907CD}"
EndProject
Project("{2150E333-8FDC-42A3-9474-1A3956D46DE8}") = "Solution Items", "Solution Items", "{03B4B377-F4CF-4120-BBB4-2DE91648D611}"
	ProjectSection(SolutionItems) = preProject
		global.json = global.json
	EndProjectSection
EndProject
Project("{8BB2217D-0F2D-49D1-97BC-3654ED321F3B}") = "WebApplication1", "src\WebApplication1\WebApplication1.xproj", "{D3BDFB59-8690-4C54-A456-586C9A127F96}"
EndProject
Global
	GlobalSection(SolutionConfigurationPlatforms) = preSolution
		Debug|Any CPU = Debug|Any CPU
		Release|Any CPU = Release|Any CPU
	EndGlobalSection
	GlobalSection(ProjectConfigurationPlatforms) = postSolution
		{D3BDFB59-8690-4C54-A456-586C9A127F96}.Debug|Any CPU.ActiveCfg = Debug|Any CPU
		{D3BDFB59-8690-4C54-A456-586C9A127F96}.Debug|Any CPU.Build.0 = Debug|Any CPU
		{D3BDFB59-8690-4C54-A456-586C9A127F96}.Release|Any CPU.ActiveCfg = Release|Any CPU
		{D3BDFB59-8690-4C54-A456-586C9A127F96}.Release|Any CPU.Build.0 = Release|Any CPU
	EndGlobalSection
	GlobalSection(SolutionProperties) = preSolution
		HideSolutionNode = FALSE
	EndGlobalSection
	GlobalSection(NestedProjects) = preSolution
		{D3BDFB59-8690-4C54-A456-586C9A127F96} = {443B488F-7036-4748-B37A-9509A9A907CD}
	EndGlobalSection
EndGlobal
